
Microsoft Visual Studio Solution File, Format Version 12.00
# Visual Studio Version 16
VisualStudioVersion = 16.0.30330.147
MinimumVisualStudioVersion = 10.0.40219.1
Project("{FAE04EC0-301F-11D3-BF4B-00C04F79EFBC}") = "ArraySort", "ArraySort.csproj", "{1BFFA5D9-2086-4218-AD20-68190F7EAA4B}"
EndProject
Global
	GlobalSection(SolutionConfigurationPlatforms) = preSolution
		Debug|Any CPU = Debug|Any CPU
		Release|Any CPU = Release|Any CPU
	EndGlobalSection
	GlobalSection(ProjectConfigurationPlatforms) = postSolution
		{1BFFA5D9-2086-4218-AD20-68190F7EAA4B}.Debug|Any CPU.ActiveCfg = Debug|Any CPU
		{1BFFA5D9-2086-4218-AD20-68190F7EAA4B}.Debug|Any CPU.Build.0 = Debug|Any CPU
		{1BFFA5D9-2086-4218-AD20-68190F7EAA4B}.Release|Any CPU.ActiveCfg = Release|Any CPU
		{1BFFA5D9-2086-4218-AD20-68190F7EAA4B}.Release|Any CPU.Build.0 = Release|Any CPU
	EndGlobalSection
	GlobalSection(SolutionProperties) = preSolution
		HideSolutionNode = FALSE
	EndGlobalSection
	GlobalSection(ExtensibilityGlobals) = postSolution
		SolutionGuid = {97FBD23A-206A-4A14-9758-517BE9C021A7}
	EndGlobalSection
EndGlobal
